
Microsoft Visual Studio Solution File, Format Version 12.00
# Visual Studio Version 17
VisualStudioVersion = 17.7.34009.444
MinimumVisualStudioVersion = 10.0.40219.1
Project("{8BC9CEB8-8B4A-11D0-8D11-00A0C91BC942}") = "NanjingMetro StationQuerySystem", "NanjingMetro StationQuerySystem\NanjingMetro StationQuerySystem.vcxproj", "{956A5C43-FDDF-47BE-8C3C-9217E3D0C2CC}"
EndProject
Global
	GlobalSection(SolutionConfigurationPlatforms) = preSolution
		Debug|x64 = Debug|x64
		Release|x64 = Release|x64
	EndGlobalSection
	GlobalSection(ProjectConfigurationPlatforms) = postSolution
		{956A5C43-FDDF-47BE-8C3C-9217E3D0C2CC}.Debug|x64.ActiveCfg = Debug|x64
		{956A5C43-FDDF-47BE-8C3C-9217E3D0C2CC}.Debug|x64.Build.0 = Debug|x64
		{956A5C43-FDDF-47BE-8C3C-9217E3D0C2CC}.Release|x64.ActiveCfg = Release|x64
		{956A5C43-FDDF-47BE-8C3C-9217E3D0C2CC}.Release|x64.Build.0 = Release|x64
	EndGlobalSection
	GlobalSection(SolutionProperties) = preSolution
		HideSolutionNode = FALSE
	EndGlobalSection
	GlobalSection(ExtensibilityGlobals) = postSolution
		SolutionGuid = {E32BD478-66AF-45D5-935B-5F7D641AC50A}
	EndGlobalSection
EndGlobal
